// !$*UTF8*$!
{
	archiveVersion = 1;
	classes = {
	};
	objectVersion = 50;
	objects = {

/* Begin PBXBuildFile section */
		E5150F8625B095C500262235 /* Model.swift in Sources */ = {isa = PBXBuildFile; fileRef = E5150F8525B095C500262235 /* Model.swift */; };
		E5150F9825B0969500262235 /* RemoteAddAccount.swift in Sources */ = {isa = PBXBuildFile; fileRef = E5150F9725B0969500262235 /* RemoteAddAccount.swift */; };
		E5150F9E25B096C800262235 /* HttpPostClient.swift in Sources */ = {isa = PBXBuildFile; fileRef = E5150F9D25B096C800262235 /* HttpPostClient.swift */; };
		E56700E025B0B89600036538 /* DomainError.swift in Sources */ = {isa = PBXBuildFile; fileRef = E56700DF25B0B89600036538 /* DomainError.swift */; };
		E56700F025B0BAD400036538 /* HttpError.swift in Sources */ = {isa = PBXBuildFile; fileRef = E56700EF25B0BAD400036538 /* HttpError.swift */; };
		E567012F25B0C29100036538 /* DataExt.swift in Sources */ = {isa = PBXBuildFile; fileRef = E567012E25B0C29100036538 /* DataExt.swift */; };
		E567017225B0CB7300036538 /* XCTestCaseExt.swift in Sources */ = {isa = PBXBuildFile; fileRef = E567017125B0CB7300036538 /* XCTestCaseExt.swift */; };
		E567017D25B0CBCC00036538 /* TestFactories.swift in Sources */ = {isa = PBXBuildFile; fileRef = E567017C25B0CBCC00036538 /* TestFactories.swift */; };
		E567018625B0CC0E00036538 /* HttpClientSpy.swift in Sources */ = {isa = PBXBuildFile; fileRef = E567018525B0CC0E00036538 /* HttpClientSpy.swift */; };
		E56701A525B0CF3E00036538 /* Infra.framework in Frameworks */ = {isa = PBXBuildFile; fileRef = E567019C25B0CF3E00036538 /* Infra.framework */; };
		E56701AA25B0CF3E00036538 /* AlamofireAdapterTests.swift in Sources */ = {isa = PBXBuildFile; fileRef = E56701A925B0CF3E00036538 /* AlamofireAdapterTests.swift */; };
		E56701AC25B0CF3E00036538 /* Infra.h in Headers */ = {isa = PBXBuildFile; fileRef = E567019E25B0CF3E00036538 /* Infra.h */; settings = {ATTRIBUTES = (Public, ); }; };
		E583EAC025ACD68A00430E88 /* Domain.h in Headers */ = {isa = PBXBuildFile; fileRef = E583EABE25ACD68A00430E88 /* Domain.h */; settings = {ATTRIBUTES = (Public, ); }; };
		E583EAC625ACD6DE00430E88 /* AddAccount.swift in Sources */ = {isa = PBXBuildFile; fileRef = E583EAC525ACD6DE00430E88 /* AddAccount.swift */; };
		E583EACD25ACD86000430E88 /* AccountModel.swift in Sources */ = {isa = PBXBuildFile; fileRef = E583EACC25ACD86000430E88 /* AccountModel.swift */; };
		E583EAE125ACD8C600430E88 /* Data.framework in Frameworks */ = {isa = PBXBuildFile; fileRef = E583EAD825ACD8C500430E88 /* Data.framework */; };
		E583EAE625ACD8C600430E88 /* RemoteAddAccountTests.swift in Sources */ = {isa = PBXBuildFile; fileRef = E583EAE525ACD8C600430E88 /* RemoteAddAccountTests.swift */; };
		E583EAE825ACD8C600430E88 /* Data.h in Headers */ = {isa = PBXBuildFile; fileRef = E583EADA25ACD8C500430E88 /* Data.h */; settings = {ATTRIBUTES = (Public, ); }; };
		E583EAF325ACD8F600430E88 /* Domain.framework in Frameworks */ = {isa = PBXBuildFile; fileRef = E583EABC25ACD68A00430E88 /* Domain.framework */; };
		E583EAF425ACD8F600430E88 /* Domain.framework in Embed Frameworks */ = {isa = PBXBuildFile; fileRef = E583EABC25ACD68A00430E88 /* Domain.framework */; settings = {ATTRIBUTES = (CodeSignOnCopy, RemoveHeadersOnCopy, ); }; };
/* End PBXBuildFile section */

/* Begin PBXContainerItemProxy section */
		E56701A625B0CF3E00036538 /* PBXContainerItemProxy */ = {
			isa = PBXContainerItemProxy;
			containerPortal = E583EAA125ACD5FD00430E88 /* Project object */;
			proxyType = 1;
			remoteGlobalIDString = E567019B25B0CF3E00036538;
			remoteInfo = Infra;
		};
		E583EAE225ACD8C600430E88 /* PBXContainerItemProxy */ = {
			isa = PBXContainerItemProxy;
			containerPortal = E583EAA125ACD5FD00430E88 /* Project object */;
			proxyType = 1;
			remoteGlobalIDString = E583EAD725ACD8C500430E88;
			remoteInfo = Data;
		};
		E583EAF525ACD8F600430E88 /* PBXContainerItemProxy */ = {
			isa = PBXContainerItemProxy;
			containerPortal = E583EAA125ACD5FD00430E88 /* Project object */;
			proxyType = 1;
			remoteGlobalIDString = E583EABB25ACD68A00430E88;
			remoteInfo = Domain;
		};
/* End PBXContainerItemProxy section */

/* Begin PBXCopyFilesBuildPhase section */
		E583EAF725ACD8F600430E88 /* Embed Frameworks */ = {
			isa = PBXCopyFilesBuildPhase;
			buildActionMask = 2147483647;
			dstPath = "";
			dstSubfolderSpec = 10;
			files = (
				E583EAF425ACD8F600430E88 /* Domain.framework in Embed Frameworks */,
			);
			name = "Embed Frameworks";
			runOnlyForDeploymentPostprocessing = 0;
		};
/* End PBXCopyFilesBuildPhase section */

/* Begin PBXFileReference section */
		E5150F8525B095C500262235 /* Model.swift */ = {isa = PBXFileReference; lastKnownFileType = sourcecode.swift; path = Model.swift; sourceTree = "<group>"; };
		E5150F9725B0969500262235 /* RemoteAddAccount.swift */ = {isa = PBXFileReference; lastKnownFileType = sourcecode.swift; path = RemoteAddAccount.swift; sourceTree = "<group>"; };
		E5150F9D25B096C800262235 /* HttpPostClient.swift */ = {isa = PBXFileReference; lastKnownFileType = sourcecode.swift; path = HttpPostClient.swift; sourceTree = "<group>"; };
		E56700DF25B0B89600036538 /* DomainError.swift */ = {isa = PBXFileReference; lastKnownFileType = sourcecode.swift; path = DomainError.swift; sourceTree = "<group>"; };
		E56700EF25B0BAD400036538 /* HttpError.swift */ = {isa = PBXFileReference; lastKnownFileType = sourcecode.swift; path = HttpError.swift; sourceTree = "<group>"; };
		E567012E25B0C29100036538 /* DataExt.swift */ = {isa = PBXFileReference; lastKnownFileType = sourcecode.swift; path = DataExt.swift; sourceTree = "<group>"; };
		E567017125B0CB7300036538 /* XCTestCaseExt.swift */ = {isa = PBXFileReference; lastKnownFileType = sourcecode.swift; path = XCTestCaseExt.swift; sourceTree = "<group>"; };
		E567017C25B0CBCC00036538 /* TestFactories.swift */ = {isa = PBXFileReference; lastKnownFileType = sourcecode.swift; path = TestFactories.swift; sourceTree = "<group>"; };
		E567018525B0CC0E00036538 /* HttpClientSpy.swift */ = {isa = PBXFileReference; lastKnownFileType = sourcecode.swift; path = HttpClientSpy.swift; sourceTree = "<group>"; };
		E567019C25B0CF3E00036538 /* Infra.framework */ = {isa = PBXFileReference; explicitFileType = wrapper.framework; includeInIndex = 0; path = Infra.framework; sourceTree = BUILT_PRODUCTS_DIR; };
		E567019E25B0CF3E00036538 /* Infra.h */ = {isa = PBXFileReference; lastKnownFileType = sourcecode.c.h; path = Infra.h; sourceTree = "<group>"; };
		E567019F25B0CF3E00036538 /* Info.plist */ = {isa = PBXFileReference; lastKnownFileType = text.plist.xml; path = Info.plist; sourceTree = "<group>"; };
		E56701A425B0CF3E00036538 /* InfraTests.xctest */ = {isa = PBXFileReference; explicitFileType = wrapper.cfbundle; includeInIndex = 0; path = InfraTests.xctest; sourceTree = BUILT_PRODUCTS_DIR; };
		E56701A925B0CF3E00036538 /* AlamofireAdapterTests.swift */ = {isa = PBXFileReference; lastKnownFileType = sourcecode.swift; path = AlamofireAdapterTests.swift; sourceTree = "<group>"; };
		E56701AB25B0CF3E00036538 /* Info.plist */ = {isa = PBXFileReference; lastKnownFileType = text.plist.xml; path = Info.plist; sourceTree = "<group>"; };
		E583EABC25ACD68A00430E88 /* Domain.framework */ = {isa = PBXFileReference; explicitFileType = wrapper.framework; includeInIndex = 0; path = Domain.framework; sourceTree = BUILT_PRODUCTS_DIR; };
		E583EABE25ACD68A00430E88 /* Domain.h */ = {isa = PBXFileReference; lastKnownFileType = sourcecode.c.h; path = Domain.h; sourceTree = "<group>"; };
		E583EABF25ACD68A00430E88 /* Info.plist */ = {isa = PBXFileReference; lastKnownFileType = text.plist.xml; path = Info.plist; sourceTree = "<group>"; };
		E583EAC525ACD6DE00430E88 /* AddAccount.swift */ = {isa = PBXFileReference; lastKnownFileType = sourcecode.swift; path = AddAccount.swift; sourceTree = "<group>"; };
		E583EACC25ACD86000430E88 /* AccountModel.swift */ = {isa = PBXFileReference; lastKnownFileType = sourcecode.swift; path = AccountModel.swift; sourceTree = "<group>"; };
		E583EAD825ACD8C500430E88 /* Data.framework */ = {isa = PBXFileReference; explicitFileType = wrapper.framework; includeInIndex = 0; path = Data.framework; sourceTree = BUILT_PRODUCTS_DIR; };
		E583EADA25ACD8C500430E88 /* Data.h */ = {isa = PBXFileReference; lastKnownFileType = sourcecode.c.h; path = Data.h; sourceTree = "<group>"; };
		E583EADB25ACD8C500430E88 /* Info.plist */ = {isa = PBXFileReference; lastKnownFileType = text.plist.xml; path = Info.plist; sourceTree = "<group>"; };
		E583EAE025ACD8C600430E88 /* DataTests.xctest */ = {isa = PBXFileReference; explicitFileType = wrapper.cfbundle; includeInIndex = 0; path = DataTests.xctest; sourceTree = BUILT_PRODUCTS_DIR; };
		E583EAE525ACD8C600430E88 /* RemoteAddAccountTests.swift */ = {isa = PBXFileReference; lastKnownFileType = sourcecode.swift; path = RemoteAddAccountTests.swift; sourceTree = "<group>"; };
		E583EAE725ACD8C600430E88 /* Info.plist */ = {isa = PBXFileReference; lastKnownFileType = text.plist.xml; path = Info.plist; sourceTree = "<group>"; };
/* End PBXFileReference section */

/* Begin PBXFrameworksBuildPhase section */
		E567019925B0CF3E00036538 /* Frameworks */ = {
			isa = PBXFrameworksBuildPhase;
			buildActionMask = 2147483647;
			files = (
			);
			runOnlyForDeploymentPostprocessing = 0;
		};
		E56701A125B0CF3E00036538 /* Frameworks */ = {
			isa = PBXFrameworksBuildPhase;
			buildActionMask = 2147483647;
			files = (
				E56701A525B0CF3E00036538 /* Infra.framework in Frameworks */,
			);
			runOnlyForDeploymentPostprocessing = 0;
		};
		E583EAB925ACD68A00430E88 /* Frameworks */ = {
			isa = PBXFrameworksBuildPhase;
			buildActionMask = 2147483647;
			files = (
			);
			runOnlyForDeploymentPostprocessing = 0;
		};
		E583EAD525ACD8C500430E88 /* Frameworks */ = {
			isa = PBXFrameworksBuildPhase;
			buildActionMask = 2147483647;
			files = (
				E583EAF325ACD8F600430E88 /* Domain.framework in Frameworks */,
			);
			runOnlyForDeploymentPostprocessing = 0;
		};
		E583EADD25ACD8C500430E88 /* Frameworks */ = {
			isa = PBXFrameworksBuildPhase;
			buildActionMask = 2147483647;
			files = (
				E583EAE125ACD8C600430E88 /* Data.framework in Frameworks */,
			);
			runOnlyForDeploymentPostprocessing = 0;
		};
/* End PBXFrameworksBuildPhase section */

/* Begin PBXGroup section */
		E5150FAB25B0972A00262235 /* UseCases */ = {
			isa = PBXGroup;
			children = (
				E583EAC525ACD6DE00430E88 /* AddAccount.swift */,
			);
			path = UseCases;
			sourceTree = "<group>";
		};
		E5150FAC25B0973300262235 /* Models */ = {
			isa = PBXGroup;
			children = (
				E583EACC25ACD86000430E88 /* AccountModel.swift */,
				E5150F8525B095C500262235 /* Model.swift */,
			);
			path = Models;
			sourceTree = "<group>";
		};
		E5150FAD25B0973C00262235 /* UseCases */ = {
			isa = PBXGroup;
			children = (
				E5150F9725B0969500262235 /* RemoteAddAccount.swift */,
			);
			path = UseCases;
			sourceTree = "<group>";
		};
		E5150FAE25B0974300262235 /* Http */ = {
			isa = PBXGroup;
			children = (
				E5150F9D25B096C800262235 /* HttpPostClient.swift */,
				E56700EF25B0BAD400036538 /* HttpError.swift */,
			);
			path = Http;
			sourceTree = "<group>";
		};
		E5150FAF25B0975A00262235 /* UseCases */ = {
			isa = PBXGroup;
			children = (
				E583EAE525ACD8C600430E88 /* RemoteAddAccountTests.swift */,
			);
			path = UseCases;
			sourceTree = "<group>";
		};
		E56700DE25B0B88A00036538 /* Errors */ = {
			isa = PBXGroup;
			children = (
				E56700DF25B0B89600036538 /* DomainError.swift */,
			);
			path = Errors;
			sourceTree = "<group>";
		};
		E567012D25B0C27500036538 /* Extensions */ = {
			isa = PBXGroup;
			children = (
				E567012E25B0C29100036538 /* DataExt.swift */,
			);
			path = Extensions;
			sourceTree = "<group>";
		};
		E567017025B0CB5F00036538 /* Extensions */ = {
			isa = PBXGroup;
			children = (
				E567017125B0CB7300036538 /* XCTestCaseExt.swift */,
			);
			path = Extensions;
			sourceTree = "<group>";
		};
		E567017B25B0CBBA00036538 /* Helpers */ = {
			isa = PBXGroup;
			children = (
				E567017C25B0CBCC00036538 /* TestFactories.swift */,
			);
			path = Helpers;
			sourceTree = "<group>";
		};
		E567018425B0CBF300036538 /* Http */ = {
			isa = PBXGroup;
			children = (
				E567018525B0CC0E00036538 /* HttpClientSpy.swift */,
			);
			path = Http;
			sourceTree = "<group>";
		};
		E567019D25B0CF3E00036538 /* Infra */ = {
			isa = PBXGroup;
			children = (
				E567019E25B0CF3E00036538 /* Infra.h */,
				E567019F25B0CF3E00036538 /* Info.plist */,
			);
			path = Infra;
			sourceTree = "<group>";
		};
		E56701A825B0CF3E00036538 /* InfraTests */ = {
			isa = PBXGroup;
			children = (
				E56701A925B0CF3E00036538 /* AlamofireAdapterTests.swift */,
				E56701AB25B0CF3E00036538 /* Info.plist */,
			);
			path = InfraTests;
			sourceTree = "<group>";
		};
		E583EAA025ACD5FD00430E88 = {
			isa = PBXGroup;
			children = (
				E583EABD25ACD68A00430E88 /* Domain */,
				E583EAD925ACD8C500430E88 /* Data */,
				E583EAE425ACD8C600430E88 /* DataTests */,
				E567019D25B0CF3E00036538 /* Infra */,
				E56701A825B0CF3E00036538 /* InfraTests */,
				E583EAAB25ACD5FD00430E88 /* Products */,
				E583EAF225ACD8F600430E88 /* Frameworks */,
			);
			sourceTree = "<group>";
		};
		E583EAAB25ACD5FD00430E88 /* Products */ = {
			isa = PBXGroup;
			children = (
				E583EABC25ACD68A00430E88 /* Domain.framework */,
				E583EAD825ACD8C500430E88 /* Data.framework */,
				E583EAE025ACD8C600430E88 /* DataTests.xctest */,
				E567019C25B0CF3E00036538 /* Infra.framework */,
				E56701A425B0CF3E00036538 /* InfraTests.xctest */,
			);
			name = Products;
			sourceTree = "<group>";
		};
		E583EABD25ACD68A00430E88 /* Domain */ = {
			isa = PBXGroup;
			children = (
				E56700DE25B0B88A00036538 /* Errors */,
				E5150FAB25B0972A00262235 /* UseCases */,
				E5150FAC25B0973300262235 /* Models */,
				E583EABE25ACD68A00430E88 /* Domain.h */,
				E583EABF25ACD68A00430E88 /* Info.plist */,
			);
			path = Domain;
			sourceTree = "<group>";
		};
		E583EAD925ACD8C500430E88 /* Data */ = {
			isa = PBXGroup;
			children = (
				E567012D25B0C27500036538 /* Extensions */,
				E5150FAD25B0973C00262235 /* UseCases */,
				E5150FAE25B0974300262235 /* Http */,
				E583EADA25ACD8C500430E88 /* Data.h */,
				E583EADB25ACD8C500430E88 /* Info.plist */,
			);
			path = Data;
			sourceTree = "<group>";
		};
		E583EAE425ACD8C600430E88 /* DataTests */ = {
			isa = PBXGroup;
			children = (
				E567017025B0CB5F00036538 /* Extensions */,
				E5150FAF25B0975A00262235 /* UseCases */,
				E567017B25B0CBBA00036538 /* Helpers */,
				E567018425B0CBF300036538 /* Http */,
				E583EAE725ACD8C600430E88 /* Info.plist */,
			);
			path = DataTests;
			sourceTree = "<group>";
		};
		E583EAF225ACD8F600430E88 /* Frameworks */ = {
			isa = PBXGroup;
			children = (
			);
			name = Frameworks;
			sourceTree = "<group>";
		};
/* End PBXGroup section */

/* Begin PBXHeadersBuildPhase section */
		E567019725B0CF3E00036538 /* Headers */ = {
			isa = PBXHeadersBuildPhase;
			buildActionMask = 2147483647;
			files = (
				E56701AC25B0CF3E00036538 /* Infra.h in Headers */,
			);
			runOnlyForDeploymentPostprocessing = 0;
		};
		E583EAB725ACD68A00430E88 /* Headers */ = {
			isa = PBXHeadersBuildPhase;
			buildActionMask = 2147483647;
			files = (
				E583EAC025ACD68A00430E88 /* Domain.h in Headers */,
			);
			runOnlyForDeploymentPostprocessing = 0;
		};
		E583EAD325ACD8C500430E88 /* Headers */ = {
			isa = PBXHeadersBuildPhase;
			buildActionMask = 2147483647;
			files = (
				E583EAE825ACD8C600430E88 /* Data.h in Headers */,
			);
			runOnlyForDeploymentPostprocessing = 0;
		};
/* End PBXHeadersBuildPhase section */

/* Begin PBXNativeTarget section */
		E567019B25B0CF3E00036538 /* Infra */ = {
			isa = PBXNativeTarget;
			buildConfigurationList = E56701AD25B0CF3E00036538 /* Build configuration list for PBXNativeTarget "Infra" */;
			buildPhases = (
				E567019725B0CF3E00036538 /* Headers */,
				E567019825B0CF3E00036538 /* Sources */,
				E567019925B0CF3E00036538 /* Frameworks */,
				E567019A25B0CF3E00036538 /* Resources */,
			);
			buildRules = (
			);
			dependencies = (
			);
			name = Infra;
			productName = Infra;
			productReference = E567019C25B0CF3E00036538 /* Infra.framework */;
			productType = "com.apple.product-type.framework";
		};
		E56701A325B0CF3E00036538 /* InfraTests */ = {
			isa = PBXNativeTarget;
			buildConfigurationList = E56701B025B0CF3E00036538 /* Build configuration list for PBXNativeTarget "InfraTests" */;
			buildPhases = (
				E56701A025B0CF3E00036538 /* Sources */,
				E56701A125B0CF3E00036538 /* Frameworks */,
				E56701A225B0CF3E00036538 /* Resources */,
			);
			buildRules = (
			);
			dependencies = (
				E56701A725B0CF3E00036538 /* PBXTargetDependency */,
			);
			name = InfraTests;
			productName = InfraTests;
			productReference = E56701A425B0CF3E00036538 /* InfraTests.xctest */;
			productType = "com.apple.product-type.bundle.unit-test";
		};
		E583EABB25ACD68A00430E88 /* Domain */ = {
			isa = PBXNativeTarget;
			buildConfigurationList = E583EAC125ACD68A00430E88 /* Build configuration list for PBXNativeTarget "Domain" */;
			buildPhases = (
				E583EAB725ACD68A00430E88 /* Headers */,
				E583EAB825ACD68A00430E88 /* Sources */,
				E583EAB925ACD68A00430E88 /* Frameworks */,
				E583EABA25ACD68A00430E88 /* Resources */,
			);
			buildRules = (
			);
			dependencies = (
			);
			name = Domain;
			productName = Domain;
			productReference = E583EABC25ACD68A00430E88 /* Domain.framework */;
			productType = "com.apple.product-type.framework";
		};
		E583EAD725ACD8C500430E88 /* Data */ = {
			isa = PBXNativeTarget;
			buildConfigurationList = E583EAE925ACD8C600430E88 /* Build configuration list for PBXNativeTarget "Data" */;
			buildPhases = (
				E583EAD325ACD8C500430E88 /* Headers */,
				E583EAD425ACD8C500430E88 /* Sources */,
				E583EAD525ACD8C500430E88 /* Frameworks */,
				E583EAD625ACD8C500430E88 /* Resources */,
				E583EAF725ACD8F600430E88 /* Embed Frameworks */,
			);
			buildRules = (
			);
			dependencies = (
				E583EAF625ACD8F600430E88 /* PBXTargetDependency */,
			);
			name = Data;
			productName = Data;
			productReference = E583EAD825ACD8C500430E88 /* Data.framework */;
			productType = "com.apple.product-type.framework";
		};
		E583EADF25ACD8C500430E88 /* DataTests */ = {
			isa = PBXNativeTarget;
			buildConfigurationList = E583EAEC25ACD8C600430E88 /* Build configuration list for PBXNativeTarget "DataTests" */;
			buildPhases = (
				E583EADC25ACD8C500430E88 /* Sources */,
				E583EADD25ACD8C500430E88 /* Frameworks */,
				E583EADE25ACD8C500430E88 /* Resources */,
			);
			buildRules = (
			);
			dependencies = (
				E583EAE325ACD8C600430E88 /* PBXTargetDependency */,
			);
			name = DataTests;
			productName = DataTests;
			productReference = E583EAE025ACD8C600430E88 /* DataTests.xctest */;
			productType = "com.apple.product-type.bundle.unit-test";
		};
/* End PBXNativeTarget section */

/* Begin PBXProject section */
		E583EAA125ACD5FD00430E88 /* Project object */ = {
			isa = PBXProject;
			attributes = {
				LastSwiftUpdateCheck = 1230;
				LastUpgradeCheck = 1230;
				TargetAttributes = {
					E567019B25B0CF3E00036538 = {
						CreatedOnToolsVersion = 12.3;
					};
					E56701A325B0CF3E00036538 = {
						CreatedOnToolsVersion = 12.3;
					};
					E583EABB25ACD68A00430E88 = {
						CreatedOnToolsVersion = 12.3;
						LastSwiftMigration = 1230;
					};
					E583EAD725ACD8C500430E88 = {
						CreatedOnToolsVersion = 12.3;
						LastSwiftMigration = 1230;
					};
					E583EADF25ACD8C500430E88 = {
						CreatedOnToolsVersion = 12.3;
					};
				};
			};
			buildConfigurationList = E583EAA425ACD5FD00430E88 /* Build configuration list for PBXProject "CleanArchitectureApp" */;
			compatibilityVersion = "Xcode 9.3";
			developmentRegion = en;
			hasScannedForEncodings = 0;
			knownRegions = (
				en,
				Base,
			);
			mainGroup = E583EAA025ACD5FD00430E88;
			productRefGroup = E583EAAB25ACD5FD00430E88 /* Products */;
			projectDirPath = "";
			projectRoot = "";
			targets = (
				E583EABB25ACD68A00430E88 /* Domain */,
				E583EAD725ACD8C500430E88 /* Data */,
				E583EADF25ACD8C500430E88 /* DataTests */,
				E567019B25B0CF3E00036538 /* Infra */,
				E56701A325B0CF3E00036538 /* InfraTests */,
			);
		};
/* End PBXProject section */

/* Begin PBXResourcesBuildPhase section */
		E567019A25B0CF3E00036538 /* Resources */ = {
			isa = PBXResourcesBuildPhase;
			buildActionMask = 2147483647;
			files = (
			);
			runOnlyForDeploymentPostprocessing = 0;
		};
		E56701A225B0CF3E00036538 /* Resources */ = {
			isa = PBXResourcesBuildPhase;
			buildActionMask = 2147483647;
			files = (
			);
			runOnlyForDeploymentPostprocessing = 0;
		};
		E583EABA25ACD68A00430E88 /* Resources */ = {
			isa = PBXResourcesBuildPhase;
			buildActionMask = 2147483647;
			files = (
			);
			runOnlyForDeploymentPostprocessing = 0;
		};
		E583EAD625ACD8C500430E88 /* Resources */ = {
			isa = PBXResourcesBuildPhase;
			buildActionMask = 2147483647;
			files = (
			);
			runOnlyForDeploymentPostprocessing = 0;
		};
		E583EADE25ACD8C500430E88 /* Resources */ = {
			isa = PBXResourcesBuildPhase;
			buildActionMask = 2147483647;
			files = (
			);
			runOnlyForDeploymentPostprocessing = 0;
		};
/* End PBXResourcesBuildPhase section */

/* Begin PBXSourcesBuildPhase section */
		E567019825B0CF3E00036538 /* Sources */ = {
			isa = PBXSourcesBuildPhase;
			buildActionMask = 2147483647;
			files = (
			);
			runOnlyForDeploymentPostprocessing = 0;
		};
		E56701A025B0CF3E00036538 /* Sources */ = {
			isa = PBXSourcesBuildPhase;
			buildActionMask = 2147483647;
			files = (
				E56701AA25B0CF3E00036538 /* AlamofireAdapterTests.swift in Sources */,
			);
			runOnlyForDeploymentPostprocessing = 0;
		};
		E583EAB825ACD68A00430E88 /* Sources */ = {
			isa = PBXSourcesBuildPhase;
			buildActionMask = 2147483647;
			files = (
				E5150F8625B095C500262235 /* Model.swift in Sources */,
				E583EAC625ACD6DE00430E88 /* AddAccount.swift in Sources */,
				E56700E025B0B89600036538 /* DomainError.swift in Sources */,
				E583EACD25ACD86000430E88 /* AccountModel.swift in Sources */,
			);
			runOnlyForDeploymentPostprocessing = 0;
		};
		E583EAD425ACD8C500430E88 /* Sources */ = {
			isa = PBXSourcesBuildPhase;
			buildActionMask = 2147483647;
			files = (
				E5150F9E25B096C800262235 /* HttpPostClient.swift in Sources */,
				E56700F025B0BAD400036538 /* HttpError.swift in Sources */,
				E5150F9825B0969500262235 /* RemoteAddAccount.swift in Sources */,
				E567012F25B0C29100036538 /* DataExt.swift in Sources */,
			);
			runOnlyForDeploymentPostprocessing = 0;
		};
		E583EADC25ACD8C500430E88 /* Sources */ = {
			isa = PBXSourcesBuildPhase;
			buildActionMask = 2147483647;
			files = (
				E567017D25B0CBCC00036538 /* TestFactories.swift in Sources */,
				E567018625B0CC0E00036538 /* HttpClientSpy.swift in Sources */,
				E567017225B0CB7300036538 /* XCTestCaseExt.swift in Sources */,
				E583EAE625ACD8C600430E88 /* RemoteAddAccountTests.swift in Sources */,
			);
			runOnlyForDeploymentPostprocessing = 0;
		};
/* End PBXSourcesBuildPhase section */

/* Begin PBXTargetDependency section */
		E56701A725B0CF3E00036538 /* PBXTargetDependency */ = {
			isa = PBXTargetDependency;
			target = E567019B25B0CF3E00036538 /* Infra */;
			targetProxy = E56701A625B0CF3E00036538 /* PBXContainerItemProxy */;
		};
		E583EAE325ACD8C600430E88 /* PBXTargetDependency */ = {
			isa = PBXTargetDependency;
			target = E583EAD725ACD8C500430E88 /* Data */;
			targetProxy = E583EAE225ACD8C600430E88 /* PBXContainerItemProxy */;
		};
		E583EAF625ACD8F600430E88 /* PBXTargetDependency */ = {
			isa = PBXTargetDependency;
			target = E583EABB25ACD68A00430E88 /* Domain */;
			targetProxy = E583EAF525ACD8F600430E88 /* PBXContainerItemProxy */;
		};
/* End PBXTargetDependency section */

/* Begin XCBuildConfiguration section */
		E56701AE25B0CF3E00036538 /* Debug */ = {
			isa = XCBuildConfiguration;
			buildSettings = {
				CODE_SIGN_STYLE = Automatic;
				COMBINE_HIDPI_IMAGES = YES;
				DEFINES_MODULE = YES;
				DYLIB_COMPATIBILITY_VERSION = 1;
				DYLIB_CURRENT_VERSION = 1;
				DYLIB_INSTALL_NAME_BASE = "@rpath";
				INFOPLIST_FILE = Infra/Info.plist;
				INSTALL_PATH = "$(LOCAL_LIBRARY_DIR)/Frameworks";
				LD_RUNPATH_SEARCH_PATHS = (
					"$(inherited)",
					"@executable_path/../Frameworks",
					"@loader_path/Frameworks",
				);
				MACOSX_DEPLOYMENT_TARGET = 10.15;
				PRODUCT_BUNDLE_IDENTIFIER = com.clean.architecture.app.Infra;
				PRODUCT_NAME = "$(TARGET_NAME:c99extidentifier)";
				SDKROOT = macosx;
				SKIP_INSTALL = YES;
				SWIFT_VERSION = 5.0;
			};
			name = Debug;
		};
		E56701AF25B0CF3E00036538 /* Release */ = {
			isa = XCBuildConfiguration;
			buildSettings = {
				CODE_SIGN_STYLE = Automatic;
				COMBINE_HIDPI_IMAGES = YES;
				DEFINES_MODULE = YES;
				DYLIB_COMPATIBILITY_VERSION = 1;
				DYLIB_CURRENT_VERSION = 1;
				DYLIB_INSTALL_NAME_BASE = "@rpath";
				INFOPLIST_FILE = Infra/Info.plist;
				INSTALL_PATH = "$(LOCAL_LIBRARY_DIR)/Frameworks";
				LD_RUNPATH_SEARCH_PATHS = (
					"$(inherited)",
					"@executable_path/../Frameworks",
					"@loader_path/Frameworks",
				);
				MACOSX_DEPLOYMENT_TARGET = 10.15;
				PRODUCT_BUNDLE_IDENTIFIER = com.clean.architecture.app.Infra;
				PRODUCT_NAME = "$(TARGET_NAME:c99extidentifier)";
				SDKROOT = macosx;
				SKIP_INSTALL = YES;
				SWIFT_VERSION = 5.0;
			};
			name = Release;
		};
		E56701B125B0CF3E00036538 /* Debug */ = {
			isa = XCBuildConfiguration;
			buildSettings = {
				CODE_SIGN_STYLE = Automatic;
				COMBINE_HIDPI_IMAGES = YES;
				INFOPLIST_FILE = InfraTests/Info.plist;
				LD_RUNPATH_SEARCH_PATHS = (
					"$(inherited)",
					"@executable_path/../Frameworks",
					"@loader_path/../Frameworks",
				);
				MACOSX_DEPLOYMENT_TARGET = 10.15;
				PRODUCT_BUNDLE_IDENTIFIER = com.clean.architecture.app.InfraTests;
				PRODUCT_NAME = "$(TARGET_NAME)";
				SDKROOT = macosx;
				SWIFT_VERSION = 5.0;
			};
			name = Debug;
		};
		E56701B225B0CF3E00036538 /* Release */ = {
			isa = XCBuildConfiguration;
			buildSettings = {
				CODE_SIGN_STYLE = Automatic;
				COMBINE_HIDPI_IMAGES = YES;
				INFOPLIST_FILE = InfraTests/Info.plist;
				LD_RUNPATH_SEARCH_PATHS = (
					"$(inherited)",
					"@executable_path/../Frameworks",
					"@loader_path/../Frameworks",
				);
				MACOSX_DEPLOYMENT_TARGET = 10.15;
				PRODUCT_BUNDLE_IDENTIFIER = com.clean.architecture.app.InfraTests;
				PRODUCT_NAME = "$(TARGET_NAME)";
				SDKROOT = macosx;
				SWIFT_VERSION = 5.0;
			};
			name = Release;
		};
		E583EAB025ACD5FD00430E88 /* Debug */ = {
			isa = XCBuildConfiguration;
			buildSettings = {
				ALWAYS_SEARCH_USER_PATHS = NO;
				CLANG_ANALYZER_NONNULL = YES;
				CLANG_ANALYZER_NUMBER_OBJECT_CONVERSION = YES_AGGRESSIVE;
				CLANG_CXX_LANGUAGE_STANDARD = "gnu++14";
				CLANG_CXX_LIBRARY = "libc++";
				CLANG_ENABLE_MODULES = YES;
				CLANG_ENABLE_OBJC_ARC = YES;
				CLANG_ENABLE_OBJC_WEAK = YES;
				CLANG_WARN_BLOCK_CAPTURE_AUTORELEASING = YES;
				CLANG_WARN_BOOL_CONVERSION = YES;
				CLANG_WARN_COMMA = YES;
				CLANG_WARN_CONSTANT_CONVERSION = YES;
				CLANG_WARN_DEPRECATED_OBJC_IMPLEMENTATIONS = YES;
				CLANG_WARN_DIRECT_OBJC_ISA_USAGE = YES_ERROR;
				CLANG_WARN_DOCUMENTATION_COMMENTS = YES;
				CLANG_WARN_EMPTY_BODY = YES;
				CLANG_WARN_ENUM_CONVERSION = YES;
				CLANG_WARN_INFINITE_RECURSION = YES;
				CLANG_WARN_INT_CONVERSION = YES;
				CLANG_WARN_NON_LITERAL_NULL_CONVERSION = YES;
				CLANG_WARN_OBJC_IMPLICIT_RETAIN_SELF = YES;
				CLANG_WARN_OBJC_LITERAL_CONVERSION = YES;
				CLANG_WARN_OBJC_ROOT_CLASS = YES_ERROR;
				CLANG_WARN_QUOTED_INCLUDE_IN_FRAMEWORK_HEADER = YES;
				CLANG_WARN_RANGE_LOOP_ANALYSIS = YES;
				CLANG_WARN_STRICT_PROTOTYPES = YES;
				CLANG_WARN_SUSPICIOUS_MOVE = YES;
				CLANG_WARN_UNGUARDED_AVAILABILITY = YES_AGGRESSIVE;
				CLANG_WARN_UNREACHABLE_CODE = YES;
				CLANG_WARN__DUPLICATE_METHOD_MATCH = YES;
				COPY_PHASE_STRIP = NO;
				CURRENT_PROJECT_VERSION = 1;
				DEBUG_INFORMATION_FORMAT = dwarf;
				ENABLE_STRICT_OBJC_MSGSEND = YES;
				ENABLE_TESTABILITY = YES;
				GCC_C_LANGUAGE_STANDARD = gnu11;
				GCC_DYNAMIC_NO_PIC = NO;
				GCC_NO_COMMON_BLOCKS = YES;
				GCC_OPTIMIZATION_LEVEL = 0;
				GCC_PREPROCESSOR_DEFINITIONS = (
					"DEBUG=1",
					"$(inherited)",
				);
				GCC_WARN_64_TO_32_BIT_CONVERSION = YES;
				GCC_WARN_ABOUT_RETURN_TYPE = YES_ERROR;
				GCC_WARN_UNDECLARED_SELECTOR = YES;
				GCC_WARN_UNINITIALIZED_AUTOS = YES_AGGRESSIVE;
				GCC_WARN_UNUSED_FUNCTION = YES;
				GCC_WARN_UNUSED_VARIABLE = YES;
				IPHONEOS_DEPLOYMENT_TARGET = 14.3;
				MTL_ENABLE_DEBUG_INFO = INCLUDE_SOURCE;
				MTL_FAST_MATH = YES;
				ONLY_ACTIVE_ARCH = YES;
				SDKROOT = iphoneos;
				SWIFT_ACTIVE_COMPILATION_CONDITIONS = DEBUG;
				SWIFT_OPTIMIZATION_LEVEL = "-Onone";
				VERSIONING_SYSTEM = "apple-generic";
				VERSION_INFO_PREFIX = "";
			};
			name = Debug;
		};
		E583EAB125ACD5FD00430E88 /* Release */ = {
			isa = XCBuildConfiguration;
			buildSettings = {
				ALWAYS_SEARCH_USER_PATHS = NO;
				CLANG_ANALYZER_NONNULL = YES;
				CLANG_ANALYZER_NUMBER_OBJECT_CONVERSION = YES_AGGRESSIVE;
				CLANG_CXX_LANGUAGE_STANDARD = "gnu++14";
				CLANG_CXX_LIBRARY = "libc++";
				CLANG_ENABLE_MODULES = YES;
				CLANG_ENABLE_OBJC_ARC = YES;
				CLANG_ENABLE_OBJC_WEAK = YES;
				CLANG_WARN_BLOCK_CAPTURE_AUTORELEASING = YES;
				CLANG_WARN_BOOL_CONVERSION = YES;
				CLANG_WARN_COMMA = YES;
				CLANG_WARN_CONSTANT_CONVERSION = YES;
				CLANG_WARN_DEPRECATED_OBJC_IMPLEMENTATIONS = YES;
				CLANG_WARN_DIRECT_OBJC_ISA_USAGE = YES_ERROR;
				CLANG_WARN_DOCUMENTATION_COMMENTS = YES;
				CLANG_WARN_EMPTY_BODY = YES;
				CLANG_WARN_ENUM_CONVERSION = YES;
				CLANG_WARN_INFINITE_RECURSION = YES;
				CLANG_WARN_INT_CONVERSION = YES;
				CLANG_WARN_NON_LITERAL_NULL_CONVERSION = YES;
				CLANG_WARN_OBJC_IMPLICIT_RETAIN_SELF = YES;
				CLANG_WARN_OBJC_LITERAL_CONVERSION = YES;
				CLANG_WARN_OBJC_ROOT_CLASS = YES_ERROR;
				CLANG_WARN_QUOTED_INCLUDE_IN_FRAMEWORK_HEADER = YES;
				CLANG_WARN_RANGE_LOOP_ANALYSIS = YES;
				CLANG_WARN_STRICT_PROTOTYPES = YES;
				CLANG_WARN_SUSPICIOUS_MOVE = YES;
				CLANG_WARN_UNGUARDED_AVAILABILITY = YES_AGGRESSIVE;
				CLANG_WARN_UNREACHABLE_CODE = YES;
				CLANG_WARN__DUPLICATE_METHOD_MATCH = YES;
				COPY_PHASE_STRIP = NO;
				CURRENT_PROJECT_VERSION = 1;
				DEBUG_INFORMATION_FORMAT = "dwarf-with-dsym";
				ENABLE_NS_ASSERTIONS = NO;
				ENABLE_STRICT_OBJC_MSGSEND = YES;
				GCC_C_LANGUAGE_STANDARD = gnu11;
				GCC_NO_COMMON_BLOCKS = YES;
				GCC_WARN_64_TO_32_BIT_CONVERSION = YES;
				GCC_WARN_ABOUT_RETURN_TYPE = YES_ERROR;
				GCC_WARN_UNDECLARED_SELECTOR = YES;
				GCC_WARN_UNINITIALIZED_AUTOS = YES_AGGRESSIVE;
				GCC_WARN_UNUSED_FUNCTION = YES;
				GCC_WARN_UNUSED_VARIABLE = YES;
				IPHONEOS_DEPLOYMENT_TARGET = 14.3;
				MTL_ENABLE_DEBUG_INFO = NO;
				MTL_FAST_MATH = YES;
				SDKROOT = iphoneos;
				SWIFT_COMPILATION_MODE = wholemodule;
				SWIFT_OPTIMIZATION_LEVEL = "-O";
				VALIDATE_PRODUCT = YES;
				VERSIONING_SYSTEM = "apple-generic";
				VERSION_INFO_PREFIX = "";
			};
			name = Release;
		};
		E583EAC225ACD68A00430E88 /* Debug */ = {
			isa = XCBuildConfiguration;
			buildSettings = {
				CLANG_ENABLE_MODULES = YES;
				CODE_SIGN_STYLE = Automatic;
				COMBINE_HIDPI_IMAGES = YES;
				DEFINES_MODULE = YES;
				DYLIB_COMPATIBILITY_VERSION = 1;
				DYLIB_CURRENT_VERSION = 1;
				DYLIB_INSTALL_NAME_BASE = "@rpath";
				INFOPLIST_FILE = Domain/Info.plist;
				INSTALL_PATH = "$(LOCAL_LIBRARY_DIR)/Frameworks";
				LD_RUNPATH_SEARCH_PATHS = (
					"$(inherited)",
					"@executable_path/../Frameworks",
					"@loader_path/Frameworks",
				);
				MACOSX_DEPLOYMENT_TARGET = 10.15;
				PRODUCT_BUNDLE_IDENTIFIER = com.clean.architecture.app.Domain;
				PRODUCT_NAME = "$(TARGET_NAME:c99extidentifier)";
				SDKROOT = macosx;
				SKIP_INSTALL = YES;
				SWIFT_OPTIMIZATION_LEVEL = "-Onone";
				SWIFT_VERSION = 5.0;
			};
			name = Debug;
		};
		E583EAC325ACD68A00430E88 /* Release */ = {
			isa = XCBuildConfiguration;
			buildSettings = {
				CLANG_ENABLE_MODULES = YES;
				CODE_SIGN_STYLE = Automatic;
				COMBINE_HIDPI_IMAGES = YES;
				DEFINES_MODULE = YES;
				DYLIB_COMPATIBILITY_VERSION = 1;
				DYLIB_CURRENT_VERSION = 1;
				DYLIB_INSTALL_NAME_BASE = "@rpath";
				INFOPLIST_FILE = Domain/Info.plist;
				INSTALL_PATH = "$(LOCAL_LIBRARY_DIR)/Frameworks";
				LD_RUNPATH_SEARCH_PATHS = (
					"$(inherited)",
					"@executable_path/../Frameworks",
					"@loader_path/Frameworks",
				);
				MACOSX_DEPLOYMENT_TARGET = 10.15;
				PRODUCT_BUNDLE_IDENTIFIER = com.clean.architecture.app.Domain;
				PRODUCT_NAME = "$(TARGET_NAME:c99extidentifier)";
				SDKROOT = macosx;
				SKIP_INSTALL = YES;
				SWIFT_VERSION = 5.0;
			};
			name = Release;
		};
		E583EAEA25ACD8C600430E88 /* Debug */ = {
			isa = XCBuildConfiguration;
			buildSettings = {
				CLANG_ENABLE_MODULES = YES;
				CODE_SIGN_STYLE = Automatic;
				COMBINE_HIDPI_IMAGES = YES;
				DEFINES_MODULE = YES;
				DYLIB_COMPATIBILITY_VERSION = 1;
				DYLIB_CURRENT_VERSION = 1;
				DYLIB_INSTALL_NAME_BASE = "@rpath";
				INFOPLIST_FILE = Data/Info.plist;
				INSTALL_PATH = "$(LOCAL_LIBRARY_DIR)/Frameworks";
				LD_RUNPATH_SEARCH_PATHS = (
					"$(inherited)",
					"@executable_path/../Frameworks",
					"@loader_path/Frameworks",
				);
				MACOSX_DEPLOYMENT_TARGET = 10.15;
				PRODUCT_BUNDLE_IDENTIFIER = com.clean.architecture.app.Data;
				PRODUCT_NAME = "$(TARGET_NAME:c99extidentifier)";
				SDKROOT = macosx;
				SKIP_INSTALL = YES;
				SWIFT_OPTIMIZATION_LEVEL = "-Onone";
				SWIFT_VERSION = 5.0;
			};
			name = Debug;
		};
		E583EAEB25ACD8C600430E88 /* Release */ = {
			isa = XCBuildConfiguration;
			buildSettings = {
				CLANG_ENABLE_MODULES = YES;
				CODE_SIGN_STYLE = Automatic;
				COMBINE_HIDPI_IMAGES = YES;
				DEFINES_MODULE = YES;
				DYLIB_COMPATIBILITY_VERSION = 1;
				DYLIB_CURRENT_VERSION = 1;
				DYLIB_INSTALL_NAME_BASE = "@rpath";
				INFOPLIST_FILE = Data/Info.plist;
				INSTALL_PATH = "$(LOCAL_LIBRARY_DIR)/Frameworks";
				LD_RUNPATH_SEARCH_PATHS = (
					"$(inherited)",
					"@executable_path/../Frameworks",
					"@loader_path/Frameworks",
				);
				MACOSX_DEPLOYMENT_TARGET = 10.15;
				PRODUCT_BUNDLE_IDENTIFIER = com.clean.architecture.app.Data;
				PRODUCT_NAME = "$(TARGET_NAME:c99extidentifier)";
				SDKROOT = macosx;
				SKIP_INSTALL = YES;
				SWIFT_VERSION = 5.0;
			};
			name = Release;
		};
		E583EAED25ACD8C600430E88 /* Debug */ = {
			isa = XCBuildConfiguration;
			buildSettings = {
				ALWAYS_EMBED_SWIFT_STANDARD_LIBRARIES = YES;
				CODE_SIGN_STYLE = Automatic;
				COMBINE_HIDPI_IMAGES = YES;
				INFOPLIST_FILE = DataTests/Info.plist;
				LD_RUNPATH_SEARCH_PATHS = (
					"$(inherited)",
					"@executable_path/../Frameworks",
					"@loader_path/../Frameworks",
				);
				MACOSX_DEPLOYMENT_TARGET = 10.15;
				PRODUCT_BUNDLE_IDENTIFIER = com.clean.architecture.app.DataTests;
				PRODUCT_NAME = "$(TARGET_NAME)";
				SDKROOT = macosx;
				SWIFT_VERSION = 5.0;
			};
			name = Debug;
		};
		E583EAEE25ACD8C600430E88 /* Release */ = {
			isa = XCBuildConfiguration;
			buildSettings = {
				ALWAYS_EMBED_SWIFT_STANDARD_LIBRARIES = YES;
				CODE_SIGN_STYLE = Automatic;
				COMBINE_HIDPI_IMAGES = YES;
				INFOPLIST_FILE = DataTests/Info.plist;
				LD_RUNPATH_SEARCH_PATHS = (
					"$(inherited)",
					"@executable_path/../Frameworks",
					"@loader_path/../Frameworks",
				);
				MACOSX_DEPLOYMENT_TARGET = 10.15;
				PRODUCT_BUNDLE_IDENTIFIER = com.clean.architecture.app.DataTests;
				PRODUCT_NAME = "$(TARGET_NAME)";
				SDKROOT = macosx;
				SWIFT_VERSION = 5.0;
			};
			name = Release;
		};
/* End XCBuildConfiguration section */

/* Begin XCConfigurationList section */
		E56701AD25B0CF3E00036538 /* Build configuration list for PBXNativeTarget "Infra" */ = {
			isa = XCConfigurationList;
			buildConfigurations = (
				E56701AE25B0CF3E00036538 /* Debug */,
				E56701AF25B0CF3E00036538 /* Release */,
			);
			defaultConfigurationIsVisible = 0;
			defaultConfigurationName = Release;
		};
		E56701B025B0CF3E00036538 /* Build configuration list for PBXNativeTarget "InfraTests" */ = {
			isa = XCConfigurationList;
			buildConfigurations = (
				E56701B125B0CF3E00036538 /* Debug */,
				E56701B225B0CF3E00036538 /* Release */,
			);
			defaultConfigurationIsVisible = 0;
			defaultConfigurationName = Release;
		};
		E583EAA425ACD5FD00430E88 /* Build configuration list for PBXProject "CleanArchitectureApp" */ = {
			isa = XCConfigurationList;
			buildConfigurations = (
				E583EAB025ACD5FD00430E88 /* Debug */,
				E583EAB125ACD5FD00430E88 /* Release */,
			);
			defaultConfigurationIsVisible = 0;
			defaultConfigurationName = Release;
		};
		E583EAC125ACD68A00430E88 /* Build configuration list for PBXNativeTarget "Domain" */ = {
			isa = XCConfigurationList;
			buildConfigurations = (
				E583EAC225ACD68A00430E88 /* Debug */,
				E583EAC325ACD68A00430E88 /* Release */,
			);
			defaultConfigurationIsVisible = 0;
			defaultConfigurationName = Release;
		};
		E583EAE925ACD8C600430E88 /* Build configuration list for PBXNativeTarget "Data" */ = {
			isa = XCConfigurationList;
			buildConfigurations = (
				E583EAEA25ACD8C600430E88 /* Debug */,
				E583EAEB25ACD8C600430E88 /* Release */,
			);
			defaultConfigurationIsVisible = 0;
			defaultConfigurationName = Release;
		};
		E583EAEC25ACD8C600430E88 /* Build configuration list for PBXNativeTarget "DataTests" */ = {
			isa = XCConfigurationList;
			buildConfigurations = (
				E583EAED25ACD8C600430E88 /* Debug */,
				E583EAEE25ACD8C600430E88 /* Release */,
			);
			defaultConfigurationIsVisible = 0;
			defaultConfigurationName = Release;
		};
/* End XCConfigurationList section */
	};
	rootObject = E583EAA125ACD5FD00430E88 /* Project object */;
}
